
Microsoft Visual Studio Solution File, Format Version 12.00
# Visual Studio Version 17
VisualStudioVersion = 17.14.37111.16 d17.14
MinimumVisualStudioVersion = 10.0.40219.1
Project("{FAE04EC0-301F-11D3-BF4B-00C04F79EFBC}") = "VersionUp", "VersionUp.csproj", "{FD941CA7-2958-4B04-83A0-0B292E0D89D5}"
EndProject
Global
	GlobalSection(SolutionConfigurationPlatforms) = preSolution
		Debug|Any CPU = Debug|Any CPU
		Release|Any CPU = Release|Any CPU
	EndGlobalSection
	GlobalSection(ProjectConfigurationPlatforms) = postSolution
		{FD941CA7-2958-4B04-83A0-0B292E0D89D5}.Debug|Any CPU.ActiveCfg = Debug|Any CPU
		{FD941CA7-2958-4B04-83A0-0B292E0D89D5}.Debug|Any CPU.Build.0 = Debug|Any CPU
		{FD941CA7-2958-4B04-83A0-0B292E0D89D5}.Release|Any CPU.ActiveCfg = Release|Any CPU
		{FD941CA7-2958-4B04-83A0-0B292E0D89D5}.Release|Any CPU.Build.0 = Release|Any CPU
	EndGlobalSection
	GlobalSection(SolutionProperties) = preSolution
		HideSolutionNode = FALSE
	EndGlobalSection
	GlobalSection(ExtensibilityGlobals) = postSolution
		SolutionGuid = {98B70995-136C-4624-8030-EAB20172688D}
	EndGlobalSection
EndGlobal
